{
  "nodes": {
    "cachix": {
      "inputs": {
        "devenv": [
          "yoloproj",
          "rust",
          "crate2nix"
        ],
        "flake-compat": [
          "yoloproj",
          "rust",
          "crate2nix"
        ],
        "git-hooks": "git-hooks_2",
        "nixpkgs": "nixpkgs_2"
      },
      "locked": {
        "lastModified": 1767714506,
        "narHash": "sha256-WaTs0t1CxhgxbIuvQ97OFhDTVUGd1HA+KzLZUZBhe0s=",
        "owner": "cachix",
        "repo": "cachix",
        "rev": "894c649f0daaa38bbcfb21de64be47dfa7cd0ec9",
        "type": "github"
      },
      "original": {
        "owner": "cachix",
        "ref": "latest",
        "repo": "cachix",
        "type": "github"
      }
    },
    "cachix_2": {
      "inputs": {
        "devenv": [
          "yoloproj",
          "rust",
          "crate2nix",
          "crate2nix_stable"
        ],
        "flake-compat": [
          "yoloproj",
          "rust",
          "crate2nix",
          "crate2nix_stable"
        ],
        "git-hooks": "git-hooks_3",
        "nixpkgs": "nixpkgs_3"
      },
      "locked": {
        "lastModified": 1767714506,
        "narHash": "sha256-WaTs0t1CxhgxbIuvQ97OFhDTVUGd1HA+KzLZUZBhe0s=",
        "owner": "cachix",
        "repo": "cachix",
        "rev": "894c649f0daaa38bbcfb21de64be47dfa7cd0ec9",
        "type": "github"
      },
      "original": {
        "owner": "cachix",
        "ref": "latest",
        "repo": "cachix",
        "type": "github"
      }
    },
    "crate2nix": {
      "inputs": {
        "cachix": "cachix",
        "crate2nix_stable": "crate2nix_stable",
        "devshell": "devshell_3",
        "flake-compat": "flake-compat_3",
        "flake-parts": "flake-parts_3",
        "nix-test-runner": "nix-test-runner_2",
        "nixpkgs": [
          "yoloproj",
          "rust",
          "nixpkgs"
        ],
        "pre-commit-hooks": "pre-commit-hooks_2"
      },
      "locked": {
        "lastModified": 1770646848,
        "narHash": "sha256-0aZjR0id5glnZaKpu/nCwoLON4r5m6q6IDU06YvwT44=",
        "owner": "nix-community",
        "repo": "crate2nix",
        "rev": "26b698e804dd32dc5bb1995028fef00cc87d603a",
        "type": "github"
      },
      "original": {
        "owner": "nix-community",
        "repo": "crate2nix",
        "type": "github"
      }
    },
    "crate2nix_stable": {
      "inputs": {
        "cachix": "cachix_2",
        "crate2nix_stable": [
          "yoloproj",
          "rust",
          "crate2nix",
          "crate2nix_stable"
        ],
        "devshell": "devshell_2",
        "flake-compat": "flake-compat_2",
        "flake-parts": "flake-parts_2",
        "nix-test-runner": "nix-test-runner",
        "nixpkgs": "nixpkgs_4",
        "pre-commit-hooks": "pre-commit-hooks"
      },
      "locked": {
        "lastModified": 1769627083,
        "narHash": "sha256-SUuruvw1/moNzCZosHaa60QMTL+L9huWdsCBN6XZIic=",
        "owner": "nix-community",
        "repo": "crate2nix",
        "rev": "7c33e664668faecf7655fa53861d7a80c9e464a2",
        "type": "github"
      },
      "original": {
        "owner": "nix-community",
        "ref": "0.15.0",
        "repo": "crate2nix",
        "type": "github"
      }
    },
    "dev": {
      "inputs": {
        "devshell": "devshell",
        "nixpkgs": [
          "yoloproj",
          "nixpkgs"
        ]
      },
      "locked": {
        "path": "./dev",
        "type": "path"
      },
      "original": {
        "path": "./dev",
        "type": "path"
      },
      "parent": [
        "yoloproj"
      ]
    },
    "devshell": {
      "inputs": {
        "nixpkgs": [
          "yoloproj",
          "dev",
          "nixpkgs"
        ]
      },
      "locked": {
        "lastModified": 1768818222,
        "narHash": "sha256-460jc0+CZfyaO8+w8JNtlClB2n4ui1RbHfPTLkpwhU8=",
        "owner": "numtide",
        "repo": "devshell",
        "rev": "255a2b1725a20d060f566e4755dbf571bbbb5f76",
        "type": "github"
      },
      "original": {
        "owner": "numtide",
        "repo": "devshell",
        "type": "github"
      }
    },
    "devshell_2": {
      "inputs": {
        "nixpkgs": [
          "yoloproj",
          "rust",
          "crate2nix",
          "crate2nix_stable",
          "nixpkgs"
        ]
      },
      "locked": {
        "lastModified": 1768818222,
        "narHash": "sha256-460jc0+CZfyaO8+w8JNtlClB2n4ui1RbHfPTLkpwhU8=",
        "owner": "numtide",
        "repo": "devshell",
        "rev": "255a2b1725a20d060f566e4755dbf571bbbb5f76",
        "type": "github"
      },
      "original": {
        "owner": "numtide",
        "repo": "devshell",
        "type": "github"
      }
    },
    "devshell_3": {
      "inputs": {
        "nixpkgs": [
          "yoloproj",
          "rust",
          "crate2nix",
          "nixpkgs"
        ]
      },
      "locked": {
        "lastModified": 1768818222,
        "narHash": "sha256-460jc0+CZfyaO8+w8JNtlClB2n4ui1RbHfPTLkpwhU8=",
        "owner": "numtide",
        "repo": "devshell",
        "rev": "255a2b1725a20d060f566e4755dbf571bbbb5f76",
        "type": "github"
      },
      "original": {
        "owner": "numtide",
        "repo": "devshell",
        "type": "github"
      }
    },
    "flake-compat": {
      "flake": false,
      "locked": {
        "lastModified": 1767039857,
        "narHash": "sha256-vNpUSpF5Nuw8xvDLj2KCwwksIbjua2LZCqhV1LNRDns=",
        "owner": "NixOS",
        "repo": "flake-compat",
        "rev": "5edf11c44bc78a0d334f6334cdaf7d60d732daab",
        "type": "github"
      },
      "original": {
        "owner": "NixOS",
        "repo": "flake-compat",
        "type": "github"
      }
    },
    "flake-compat_2": {
      "locked": {
        "lastModified": 1733328505,
        "narHash": "sha256-NeCCThCEP3eCl2l/+27kNNK7QrwZB1IJCrXfrbv5oqU=",
        "rev": "ff81ac966bb2cae68946d5ed5fc4994f96d0ffec",
        "revCount": 69,
        "type": "tarball",
        "url": "https://api.flakehub.com/f/pinned/edolstra/flake-compat/1.1.0/01948eb7-9cba-704f-bbf3-3fa956735b52/source.tar.gz"
      },
      "original": {
        "type": "tarball",
        "url": "https://flakehub.com/f/edolstra/flake-compat/1.tar.gz"
      }
    },
    "flake-compat_3": {
      "locked": {
        "lastModified": 1733328505,
        "narHash": "sha256-NeCCThCEP3eCl2l/+27kNNK7QrwZB1IJCrXfrbv5oqU=",
        "rev": "ff81ac966bb2cae68946d5ed5fc4994f96d0ffec",
        "revCount": 69,
        "type": "tarball",
        "url": "https://api.flakehub.com/f/pinned/edolstra/flake-compat/1.1.0/01948eb7-9cba-704f-bbf3-3fa956735b52/source.tar.gz"
      },
      "original": {
        "type": "tarball",
        "url": "https://flakehub.com/f/edolstra/flake-compat/1.tar.gz"
      }
    },
    "flake-parts": {
      "inputs": {
        "nixpkgs-lib": "nixpkgs-lib"
      },
      "locked": {
        "lastModified": 1769996383,
        "narHash": "sha256-AnYjnFWgS49RlqX7LrC4uA+sCCDBj0Ry/WOJ5XWAsa0=",
        "owner": "hercules-ci",
        "repo": "flake-parts",
        "rev": "57928607ea566b5db3ad13af0e57e921e6b12381",
        "type": "github"
      },
      "original": {
        "owner": "hercules-ci",
        "repo": "flake-parts",
        "type": "github"
      }
    },
    "flake-parts_2": {
      "inputs": {
        "nixpkgs-lib": [
          "yoloproj",
          "rust",
          "crate2nix",
          "crate2nix_stable",
          "nixpkgs"
        ]
      },
      "locked": {
        "lastModified": 1768135262,
        "narHash": "sha256-PVvu7OqHBGWN16zSi6tEmPwwHQ4rLPU9Plvs8/1TUBY=",
        "owner": "hercules-ci",
        "repo": "flake-parts",
        "rev": "80daad04eddbbf5a4d883996a73f3f542fa437ac",
        "type": "github"
      },
      "original": {
        "owner": "hercules-ci",
        "repo": "flake-parts",
        "type": "github"
      }
    },
    "flake-parts_3": {
      "inputs": {
        "nixpkgs-lib": [
          "yoloproj",
          "rust",
          "crate2nix",
          "nixpkgs"
        ]
      },
      "locked": {
        "lastModified": 1768135262,
        "narHash": "sha256-PVvu7OqHBGWN16zSi6tEmPwwHQ4rLPU9Plvs8/1TUBY=",
        "owner": "hercules-ci",
        "repo": "flake-parts",
        "rev": "80daad04eddbbf5a4d883996a73f3f542fa437ac",
        "type": "github"
      },
      "original": {
        "owner": "hercules-ci",
        "repo": "flake-parts",
        "type": "github"
      }
    },
    "flake-schemas": {
      "locked": {
        "lastModified": 1772478468,
        "narHash": "sha256-kJm3yGJaMp05D3zrj+edn7HORtozvkWc/xDYl/ovSgo=",
        "owner": "DeterminateSystems",
        "repo": "flake-schemas",
        "rev": "da9a9ae50ee3ccd0e2133f24d9d88da9e6805761",
        "type": "github"
      },
      "original": {
        "owner": "DeterminateSystems",
        "repo": "flake-schemas",
        "type": "github"
      }
    },
    "git-hooks": {
      "inputs": {
        "flake-compat": "flake-compat",
        "gitignore": "gitignore",
        "nixpkgs": [
          "yoloproj",
          "hooks",
          "nixpkgs"
        ]
      },
      "locked": {
        "lastModified": 1772024342,
        "narHash": "sha256-+eXlIc4/7dE6EcPs9a2DaSY3fTA9AE526hGqkNID3Wg=",
        "owner": "cachix",
        "repo": "git-hooks.nix",
        "rev": "6e34e97ed9788b17796ee43ccdbaf871a5c2b476",
        "type": "github"
      },
      "original": {
        "owner": "cachix",
        "repo": "git-hooks.nix",
        "type": "github"
      }
    },
    "git-hooks_2": {
      "inputs": {
        "flake-compat": [
          "yoloproj",
          "rust",
          "crate2nix",
          "cachix",
          "flake-compat"
        ],
        "gitignore": "gitignore_2",
        "nixpkgs": [
          "yoloproj",
          "rust",
          "crate2nix",
          "cachix",
          "nixpkgs"
        ]
      },
      "locked": {
        "lastModified": 1765404074,
        "narHash": "sha256-+ZDU2d+vzWkEJiqprvV5PR26DVFN2vgddwG5SnPZcUM=",
        "owner": "cachix",
        "repo": "git-hooks.nix",
        "rev": "2d6f58930fbcd82f6f9fd59fb6d13e37684ca529",
        "type": "github"
      },
      "original": {
        "owner": "cachix",
        "repo": "git-hooks.nix",
        "type": "github"
      }
    },
    "git-hooks_3": {
      "inputs": {
        "flake-compat": [
          "yoloproj",
          "rust",
          "crate2nix",
          "crate2nix_stable",
          "cachix",
          "flake-compat"
        ],
        "gitignore": "gitignore_3",
        "nixpkgs": [
          "yoloproj",
          "rust",
          "crate2nix",
          "crate2nix_stable",
          "cachix",
          "nixpkgs"
        ]
      },
      "locked": {
        "lastModified": 1765404074,
        "narHash": "sha256-+ZDU2d+vzWkEJiqprvV5PR26DVFN2vgddwG5SnPZcUM=",
        "owner": "cachix",
        "repo": "git-hooks.nix",
        "rev": "2d6f58930fbcd82f6f9fd59fb6d13e37684ca529",
        "type": "github"
      },
      "original": {
        "owner": "cachix",
        "repo": "git-hooks.nix",
        "type": "github"
      }
    },
    "gitignore": {
      "inputs": {
        "nixpkgs": [
          "yoloproj",
          "hooks",
          "git-hooks",
          "nixpkgs"
        ]
      },
      "locked": {
        "lastModified": 1709087332,
        "narHash": "sha256-HG2cCnktfHsKV0s4XW83gU3F57gaTljL9KNSuG6bnQs=",
        "owner": "hercules-ci",
        "repo": "gitignore.nix",
        "rev": "637db329424fd7e46cf4185293b9cc8c88c95394",
        "type": "github"
      },
      "original": {
        "owner": "hercules-ci",
        "repo": "gitignore.nix",
        "type": "github"
      }
    },
    "gitignore_2": {
      "inputs": {
        "nixpkgs": [
          "yoloproj",
          "rust",
          "crate2nix",
          "cachix",
          "git-hooks",
          "nixpkgs"
        ]
      },
      "locked": {
        "lastModified": 1709087332,
        "narHash": "sha256-HG2cCnktfHsKV0s4XW83gU3F57gaTljL9KNSuG6bnQs=",
        "owner": "hercules-ci",
        "repo": "gitignore.nix",
        "rev": "637db329424fd7e46cf4185293b9cc8c88c95394",
        "type": "github"
      },
      "original": {
        "owner": "hercules-ci",
        "repo": "gitignore.nix",
        "type": "github"
      }
    },
    "gitignore_3": {
      "inputs": {
        "nixpkgs": [
          "yoloproj",
          "rust",
          "crate2nix",
          "crate2nix_stable",
          "cachix",
          "git-hooks",
          "nixpkgs"
        ]
      },
      "locked": {
        "lastModified": 1709087332,
        "narHash": "sha256-HG2cCnktfHsKV0s4XW83gU3F57gaTljL9KNSuG6bnQs=",
        "owner": "hercules-ci",
        "repo": "gitignore.nix",
        "rev": "637db329424fd7e46cf4185293b9cc8c88c95394",
        "type": "github"
      },
      "original": {
        "owner": "hercules-ci",
        "repo": "gitignore.nix",
        "type": "github"
      }
    },
    "gitignore_4": {
      "inputs": {
        "nixpkgs": [
          "yoloproj",
          "rust",
          "crate2nix",
          "crate2nix_stable",
          "pre-commit-hooks",
          "nixpkgs"
        ]
      },
      "locked": {
        "lastModified": 1709087332,
        "narHash": "sha256-HG2cCnktfHsKV0s4XW83gU3F57gaTljL9KNSuG6bnQs=",
        "owner": "hercules-ci",
        "repo": "gitignore.nix",
        "rev": "637db329424fd7e46cf4185293b9cc8c88c95394",
        "type": "github"
      },
      "original": {
        "owner": "hercules-ci",
        "repo": "gitignore.nix",
        "type": "github"
      }
    },
    "gitignore_5": {
      "inputs": {
        "nixpkgs": [
          "yoloproj",
          "rust",
          "crate2nix",
          "pre-commit-hooks",
          "nixpkgs"
        ]
      },
      "locked": {
        "lastModified": 1709087332,
        "narHash": "sha256-HG2cCnktfHsKV0s4XW83gU3F57gaTljL9KNSuG6bnQs=",
        "owner": "hercules-ci",
        "repo": "gitignore.nix",
        "rev": "637db329424fd7e46cf4185293b9cc8c88c95394",
        "type": "github"
      },
      "original": {
        "owner": "hercules-ci",
        "repo": "gitignore.nix",
        "type": "github"
      }
    },
    "hooks": {
      "inputs": {
        "git-hooks": "git-hooks",
        "nixpkgs": [
          "yoloproj",
          "nixpkgs"
        ]
      },
      "locked": {
        "path": "./hooks",
        "type": "path"
      },
      "original": {
        "path": "./hooks",
        "type": "path"
      },
      "parent": [
        "yoloproj"
      ]
    },
    "nix-test-runner": {
      "flake": false,
      "locked": {
        "lastModified": 1588761593,
        "narHash": "sha256-FKJykltAN/g3eIceJl4SfDnnyuH2jHImhMrXS2KvGIs=",
        "owner": "stoeffel",
        "repo": "nix-test-runner",
        "rev": "c45d45b11ecef3eb9d834c3b6304c05c49b06ca2",
        "type": "github"
      },
      "original": {
        "owner": "stoeffel",
        "repo": "nix-test-runner",
        "type": "github"
      }
    },
    "nix-test-runner_2": {
      "flake": false,
      "locked": {
        "lastModified": 1588761593,
        "narHash": "sha256-FKJykltAN/g3eIceJl4SfDnnyuH2jHImhMrXS2KvGIs=",
        "owner": "stoeffel",
        "repo": "nix-test-runner",
        "rev": "c45d45b11ecef3eb9d834c3b6304c05c49b06ca2",
        "type": "github"
      },
      "original": {
        "owner": "stoeffel",
        "repo": "nix-test-runner",
        "type": "github"
      }
    },
    "nix2container": {
      "inputs": {
        "nixpkgs": [
          "yoloproj",
          "oci",
          "nixpkgs"
        ]
      },
      "locked": {
        "lastModified": 1767430085,
        "narHash": "sha256-SiXJ6xv4pS2MDUqfj0/mmG746cGeJrMQGmoFgHLS25Y=",
        "owner": "nlewo",
        "repo": "nix2container",
        "rev": "66f4b8a47e92aa744ec43acbb5e9185078983909",
        "type": "github"
      },
      "original": {
        "owner": "nlewo",
        "repo": "nix2container",
        "type": "github"
      }
    },
    "nixpkgs": {
      "locked": {
        "lastModified": 1772542754,
        "narHash": "sha256-WGV2hy+VIeQsYXpsLjdr4GvHv5eECMISX1zKLTedhdg=",
        "owner": "NixOS",
        "repo": "nixpkgs",
        "rev": "8c809a146a140c5c8806f13399592dbcb1bb5dc4",
        "type": "github"
      },
      "original": {
        "owner": "NixOS",
        "ref": "nixos-unstable",
        "repo": "nixpkgs",
        "type": "github"
      }
    },
    "nixpkgs-lib": {
      "locked": {
        "lastModified": 1769909678,
        "narHash": "sha256-cBEymOf4/o3FD5AZnzC3J9hLbiZ+QDT/KDuyHXVJOpM=",
        "owner": "nix-community",
        "repo": "nixpkgs.lib",
        "rev": "72716169fe93074c333e8d0173151350670b824c",
        "type": "github"
      },
      "original": {
        "owner": "nix-community",
        "repo": "nixpkgs.lib",
        "type": "github"
      }
    },
    "nixpkgs_2": {
      "locked": {
        "lastModified": 1765186076,
        "narHash": "sha256-hM20uyap1a0M9d344I692r+ik4gTMyj60cQWO+hAYP8=",
        "owner": "NixOS",
        "repo": "nixpkgs",
        "rev": "addf7cf5f383a3101ecfba091b98d0a1263dc9b8",
        "type": "github"
      },
      "original": {
        "owner": "NixOS",
        "ref": "nixos-unstable",
        "repo": "nixpkgs",
        "type": "github"
      }
    },
    "nixpkgs_3": {
      "locked": {
        "lastModified": 1765186076,
        "narHash": "sha256-hM20uyap1a0M9d344I692r+ik4gTMyj60cQWO+hAYP8=",
        "owner": "NixOS",
        "repo": "nixpkgs",
        "rev": "addf7cf5f383a3101ecfba091b98d0a1263dc9b8",
        "type": "github"
      },
      "original": {
        "owner": "NixOS",
        "ref": "nixos-unstable",
        "repo": "nixpkgs",
        "type": "github"
      }
    },
    "nixpkgs_4": {
      "locked": {
        "lastModified": 1769433173,
        "narHash": "sha256-Gf1dFYgD344WZ3q0LPlRoWaNdNQq8kSBDLEWulRQSEs=",
        "owner": "NixOS",
        "repo": "nixpkgs",
        "rev": "13b0f9e6ac78abbbb736c635d87845c4f4bee51b",
        "type": "github"
      },
      "original": {
        "owner": "NixOS",
        "ref": "nixpkgs-unstable",
        "repo": "nixpkgs",
        "type": "github"
      }
    },
    "oci": {
      "inputs": {
        "nix2container": "nix2container",
        "nixpkgs": [
          "yoloproj",
          "nixpkgs"
        ]
      },
      "locked": {
        "path": "./oci",
        "type": "path"
      },
      "original": {
        "path": "./oci",
        "type": "path"
      },
      "parent": [
        "yoloproj"
      ]
    },
    "pkgs": {
      "inputs": {
        "nixpkgs": [
          "yoloproj",
          "nixpkgs"
        ]
      },
      "locked": {
        "path": "./pkgs",
        "type": "path"
      },
      "original": {
        "path": "./pkgs",
        "type": "path"
      },
      "parent": [
        "yoloproj"
      ]
    },
    "pre-commit-hooks": {
      "inputs": {
        "flake-compat": [
          "yoloproj",
          "rust",
          "crate2nix",
          "crate2nix_stable",
          "flake-compat"
        ],
        "gitignore": "gitignore_4",
        "nixpkgs": [
          "yoloproj",
          "rust",
          "crate2nix",
          "crate2nix_stable",
          "nixpkgs"
        ]
      },
      "locked": {
        "lastModified": 1769069492,
        "narHash": "sha256-Efs3VUPelRduf3PpfPP2ovEB4CXT7vHf8W+xc49RL/U=",
        "owner": "cachix",
        "repo": "pre-commit-hooks.nix",
        "rev": "a1ef738813b15cf8ec759bdff5761b027e3e1d23",
        "type": "github"
      },
      "original": {
        "owner": "cachix",
        "repo": "pre-commit-hooks.nix",
        "type": "github"
      }
    },
    "pre-commit-hooks_2": {
      "inputs": {
        "flake-compat": [
          "yoloproj",
          "rust",
          "crate2nix",
          "flake-compat"
        ],
        "gitignore": "gitignore_5",
        "nixpkgs": [
          "yoloproj",
          "rust",
          "crate2nix",
          "nixpkgs"
        ]
      },
      "locked": {
        "lastModified": 1769069492,
        "narHash": "sha256-Efs3VUPelRduf3PpfPP2ovEB4CXT7vHf8W+xc49RL/U=",
        "owner": "cachix",
        "repo": "pre-commit-hooks.nix",
        "rev": "a1ef738813b15cf8ec759bdff5761b027e3e1d23",
        "type": "github"
      },
      "original": {
        "owner": "cachix",
        "repo": "pre-commit-hooks.nix",
        "type": "github"
      }
    },
    "project": {
      "inputs": {
        "nixpkgs": [
          "yoloproj",
          "nixpkgs"
        ]
      },
      "locked": {
        "path": "./project",
        "type": "path"
      },
      "original": {
        "path": "./project",
        "type": "path"
      },
      "parent": [
        "yoloproj"
      ]
    },
    "root": {
      "inputs": {
        "nixpkgs": "nixpkgs",
        "yoloproj": "yoloproj"
      }
    },
    "rust": {
      "inputs": {
        "crate2nix": "crate2nix",
        "nixpkgs": [
          "yoloproj",
          "nixpkgs"
        ],
        "rust-overlay": "rust-overlay"
      },
      "locked": {
        "path": "./rust",
        "type": "path"
      },
      "original": {
        "path": "./rust",
        "type": "path"
      },
      "parent": [
        "yoloproj"
      ]
    },
    "rust-overlay": {
      "inputs": {
        "nixpkgs": [
          "yoloproj",
          "rust",
          "nixpkgs"
        ]
      },
      "locked": {
        "lastModified": 1772593411,
        "narHash": "sha256-47WOnCSyOL6AghZiMIJaTLWM359DHe3be9R1cNCdGUE=",
        "owner": "oxalica",
        "repo": "rust-overlay",
        "rev": "a741b36b77440f5db15fcf2ab6d7d592d2f9ee8f",
        "type": "github"
      },
      "original": {
        "owner": "oxalica",
        "repo": "rust-overlay",
        "type": "github"
      }
    },
    "yoloproj": {
      "inputs": {
        "dev": "dev",
        "flake-parts": "flake-parts",
        "flake-schemas": "flake-schemas",
        "hooks": "hooks",
        "nixpkgs": [
          "nixpkgs"
        ],
        "oci": "oci",
        "pkgs": "pkgs",
        "project": "project",
        "rust": "rust"
      },
      "locked": {
        "lastModified": 1772664089,
        "narHash": "sha256-fRtjv/EoBeERpSBaFfXgYiJNQ4WOX1NiAduVmvNSR1s=",
        "owner": "yolodev",
        "repo": "yoloproj",
        "rev": "9ac55218ba17044a13a68cc69fb0ef43a1a6d9cd",
        "type": "github"
      },
      "original": {
        "owner": "yolodev",
        "repo": "yoloproj",
        "type": "github"
      }
    }
  },
  "root": "root",
  "version": 7
}
